// !$*UTF8*$!
{
	archiveVersion = 1;
	classes = {
	};
	objectVersion = 50;
	objects = {

/* Begin PBXBuildFile section */
		8C92C6CF22274D4700059AD1 /* AppDelegate.swift in Sources */ = {isa = PBXBuildFile; fileRef = 8C92C6CE22274D4700059AD1 /* AppDelegate.swift */; };
		8C92C6D122274D4700059AD1 /* ViewController.swift in Sources */ = {isa = PBXBuildFile; fileRef = 8C92C6D022274D4700059AD1 /* ViewController.swift */; };
		8C92C6D422274D4700059AD1 /* Main.storyboard in Resources */ = {isa = PBXBuildFile; fileRef = 8C92C6D222274D4700059AD1 /* Main.storyboard */; };
		8C92C6D622274D4D00059AD1 /* Assets.xcassets in Resources */ = {isa = PBXBuildFile; fileRef = 8C92C6D522274D4D00059AD1 /* Assets.xcassets */; };
		8C92C6D922274D4D00059AD1 /* LaunchScreen.storyboard in Resources */ = {isa = PBXBuildFile; fileRef = 8C92C6D722274D4D00059AD1 /* LaunchScreen.storyboard */; };
		8C92C6E422274D4E00059AD1 /* My_First_AppTests.swift in Sources */ = {isa = PBXBuildFile; fileRef = 8C92C6E322274D4E00059AD1 /* My_First_AppTests.swift */; };
		8C92C6EF22274D4E00059AD1 /* My_First_AppUITests.swift in Sources */ = {isa = PBXBuildFile; fileRef = 8C92C6EE22274D4E00059AD1 /* My_First_AppUITests.swift */; };
/* End PBXBuildFile section */

/* Begin PBXContainerItemProxy section */
		8C92C6E022274D4E00059AD1 /* PBXContainerItemProxy */ = {
			isa = PBXContainerItemProxy;
			containerPortal = 8C92C6C322274D4600059AD1 /* Project object */;
			proxyType = 1;
			remoteGlobalIDString = 8C92C6CA22274D4600059AD1;
			remoteInfo = "My-First-App";
		};
		8C92C6EB22274D4E00059AD1 /* PBXContainerItemProxy */ = {
			isa = PBXContainerItemProxy;
			containerPortal = 8C92C6C322274D4600059AD1 /* Project object */;
			proxyType = 1;
			remoteGlobalIDString = 8C92C6CA22274D4600059AD1;
			remoteInfo = "My-First-App";
		};
/* End PBXContainerItemProxy section */

/* Begin PBXFileReference section */
		8C92C6CB22274D4700059AD1 /* My-First-App.app */ = {isa = PBXFileReference; explicitFileType = wrapper.application; includeInIndex = 0; path = "My-First-App.app"; sourceTree = BUILT_PRODUCTS_DIR; };
		8C92C6CE22274D4700059AD1 /* AppDelegate.swift */ = {isa = PBXFileReference; lastKnownFileType = sourcecode.swift; path = AppDelegate.swift; sourceTree = "<group>"; };
		8C92C6D022274D4700059AD1 /* ViewController.swift */ = {isa = PBXFileReference; lastKnownFileType = sourcecode.swift; path = ViewController.swift; sourceTree = "<group>"; };
		8C92C6D322274D4700059AD1 /* Base */ = {isa = PBXFileReference; lastKnownFileType = file.storyboard; name = Base; path = Base.lproj/Main.storyboard; sourceTree = "<group>"; };
		8C92C6D522274D4D00059AD1 /* Assets.xcassets */ = {isa = PBXFileReference; lastKnownFileType = folder.assetcatalog; path = Assets.xcassets; sourceTree = "<group>"; };
		8C92C6D822274D4D00059AD1 /* Base */ = {isa = PBXFileReference; lastKnownFileType = file.storyboard; name = Base; path = Base.lproj/LaunchScreen.storyboard; sourceTree = "<group>"; };
		8C92C6DA22274D4D00059AD1 /* Info.plist */ = {isa = PBXFileReference; lastKnownFileType = text.plist.xml; path = Info.plist; sourceTree = "<group>"; };
		8C92C6DF22274D4E00059AD1 /* My-First-AppTests.xctest */ = {isa = PBXFileReference; explicitFileType = wrapper.cfbundle; includeInIndex = 0; path = "My-First-AppTests.xctest"; sourceTree = BUILT_PRODUCTS_DIR; };
		8C92C6E322274D4E00059AD1 /* My_First_AppTests.swift */ = {isa = PBXFileReference; lastKnownFileType = sourcecode.swift; path = My_First_AppTests.swift; sourceTree = "<group>"; };
		8C92C6E522274D4E00059AD1 /* Info.plist */ = {isa = PBXFileReference; lastKnownFileType = text.plist.xml; path = Info.plist; sourceTree = "<group>"; };
		8C92C6EA22274D4E00059AD1 /* My-First-AppUITests.xctest */ = {isa = PBXFileReference; explicitFileType = wrapper.cfbundle; includeInIndex = 0; path = "My-First-AppUITests.xctest"; sourceTree = BUILT_PRODUCTS_DIR; };
		8C92C6EE22274D4E00059AD1 /* My_First_AppUITests.swift */ = {isa = PBXFileReference; lastKnownFileType = sourcecode.swift; path = My_First_AppUITests.swift; sourceTree = "<group>"; };
		8C92C6F022274D4E00059AD1 /* Info.plist */ = {isa = PBXFileReference; lastKnownFileType = text.plist.xml; path = Info.plist; sourceTree = "<group>"; };
/* End PBXFileReference section */

/* Begin PBXFrameworksBuildPhase section */
		8C92C6C822274D4600059AD1 /* Frameworks */ = {
			isa = PBXFrameworksBuildPhase;
			buildActionMask = 2147483647;
			files = (
			);
			runOnlyForDeploymentPostprocessing = 0;
		};
		8C92C6DC22274D4E00059AD1 /* Frameworks */ = {
			isa = PBXFrameworksBuildPhase;
			buildActionMask = 2147483647;
			files = (
			);
			runOnlyForDeploymentPostprocessing = 0;
		};
		8C92C6E722274D4E00059AD1 /* Frameworks */ = {
			isa = PBXFrameworksBuildPhase;
			buildActionMask = 2147483647;
			files = (
			);
			runOnlyForDeploymentPostprocessing = 0;
		};
/* End PBXFrameworksBuildPhase section */

/* Begin PBXGroup section */
		8C92C6C222274D4600059AD1 = {
			isa = PBXGroup;
			children = (
				8C92C6CD22274D4700059AD1 /* My-First-App */,
				8C92C6E222274D4E00059AD1 /* My-First-AppTests */,
				8C92C6ED22274D4E00059AD1 /* My-First-AppUITests */,
				8C92C6CC22274D4700059AD1 /* Products */,
			);
			sourceTree = "<group>";
		};
		8C92C6CC22274D4700059AD1 /* Products */ = {
			isa = PBXGroup;
			children = (
				8C92C6CB22274D4700059AD1 /* My-First-App.app */,
				8C92C6DF22274D4E00059AD1 /* My-First-AppTests.xctest */,
				8C92C6EA22274D4E00059AD1 /* My-First-AppUITests.xctest */,
			);
			name = Products;
			sourceTree = "<group>";
		};
		8C92C6CD22274D4700059AD1 /* My-First-App */ = {
			isa = PBXGroup;
			children = (
				8C92C6CE22274D4700059AD1 /* AppDelegate.swift */,
				8C92C6D022274D4700059AD1 /* ViewController.swift */,
				8C92C6D222274D4700059AD1 /* Main.storyboard */,
				8C92C6D522274D4D00059AD1 /* Assets.xcassets */,
				8C92C6D722274D4D00059AD1 /* LaunchScreen.storyboard */,
				8C92C6DA22274D4D00059AD1 /* Info.plist */,
			);
			path = "My-First-App";
			sourceTree = "<group>";
		};
		8C92C6E222274D4E00059AD1 /* My-First-AppTests */ = {
			isa = PBXGroup;
			children = (
				8C92C6E322274D4E00059AD1 /* My_First_AppTests.swift */,
				8C92C6E522274D4E00059AD1 /* Info.plist */,
			);
			path = "My-First-AppTests";
			sourceTree = "<group>";
		};
		8C92C6ED22274D4E00059AD1 /* My-First-AppUITests */ = {
			isa = PBXGroup;
			children = (
				8C92C6EE22274D4E00059AD1 /* My_First_AppUITests.swift */,
				8C92C6F022274D4E00059AD1 /* Info.plist */,
			);
			path = "My-First-AppUITests";
			sourceTree = "<group>";
		};
/* End PBXGroup section */

/* Begin PBXNativeTarget section */
		8C92C6CA22274D4600059AD1 /* My-First-App */ = {
			isa = PBXNativeTarget;
			buildConfigurationList = 8C92C6F322274D4E00059AD1 /* Build configuration list for PBXNativeTarget "My-First-App" */;
			buildPhases = (
				8C92C6C722274D4600059AD1 /* Sources */,
				8C92C6C822274D4600059AD1 /* Frameworks */,
				8C92C6C922274D4600059AD1 /* Resources */,
			);
			buildRules = (
			);
			dependencies = (
			);
			name = "My-First-App";
			productName = "My-First-App";
			productReference = 8C92C6CB22274D4700059AD1 /* My-First-App.app */;
			productType = "com.apple.product-type.application";
		};
		8C92C6DE22274D4E00059AD1 /* My-First-AppTests */ = {
			isa = PBXNativeTarget;
			buildConfigurationList = 8C92C6F622274D4E00059AD1 /* Build configuration list for PBXNativeTarget "My-First-AppTests" */;
			buildPhases = (
				8C92C6DB22274D4E00059AD1 /* Sources */,
				8C92C6DC22274D4E00059AD1 /* Frameworks */,
				8C92C6DD22274D4E00059AD1 /* Resources */,
			);
			buildRules = (
			);
			dependencies = (
				8C92C6E122274D4E00059AD1 /* PBXTargetDependency */,
			);
			name = "My-First-AppTests";
			productName = "My-First-AppTests";
			productReference = 8C92C6DF22274D4E00059AD1 /* My-First-AppTests.xctest */;
			productType = "com.apple.product-type.bundle.unit-test";
		};
		8C92C6E922274D4E00059AD1 /* My-First-AppUITests */ = {
			isa = PBXNativeTarget;
			buildConfigurationList = 8C92C6F922274D4E00059AD1 /* Build configuration list for PBXNativeTarget "My-First-AppUITests" */;
			buildPhases = (
				8C92C6E622274D4E00059AD1 /* Sources */,
				8C92C6E722274D4E00059AD1 /* Frameworks */,
				8C92C6E822274D4E00059AD1 /* Resources */,
			);
			buildRules = (
			);
			dependencies = (
				8C92C6EC22274D4E00059AD1 /* PBXTargetDependency */,
			);
			name = "My-First-AppUITests";
			productName = "My-First-AppUITests";
			productReference = 8C92C6EA22274D4E00059AD1 /* My-First-AppUITests.xctest */;
			productType = "com.apple.product-type.bundle.ui-testing";
		};
/* End PBXNativeTarget section */

/* Begin PBXProject section */
		8C92C6C322274D4600059AD1 /* Project object */ = {
			isa = PBXProject;
			attributes = {
				LastSwiftUpdateCheck = 1010;
				LastUpgradeCheck = 1010;
				ORGANIZATIONNAME = "Ricardo Hui";
				TargetAttributes = {
					8C92C6CA22274D4600059AD1 = {
						CreatedOnToolsVersion = 10.1;
					};
					8C92C6DE22274D4E00059AD1 = {
						CreatedOnToolsVersion = 10.1;
						TestTargetID = 8C92C6CA22274D4600059AD1;
					};
					8C92C6E922274D4E00059AD1 = {
						CreatedOnToolsVersion = 10.1;
						TestTargetID = 8C92C6CA22274D4600059AD1;
					};
				};
			};
			buildConfigurationList = 8C92C6C622274D4600059AD1 /* Build configuration list for PBXProject "My-First-App" */;
			compatibilityVersion = "Xcode 9.3";
			developmentRegion = en;
			hasScannedForEncodings = 0;
			knownRegions = (
				en,
				Base,
			);
			mainGroup = 8C92C6C222274D4600059AD1;
			productRefGroup = 8C92C6CC22274D4700059AD1 /* Products */;
			projectDirPath = "";
			projectRoot = "";
			targets = (
				8C92C6CA22274D4600059AD1 /* My-First-App */,
				8C92C6DE22274D4E00059AD1 /* My-First-AppTests */,
				8C92C6E922274D4E00059AD1 /* My-First-AppUITests */,
			);
		};
/* End PBXProject section */

/* Begin PBXResourcesBuildPhase section */
		8C92C6C922274D4600059AD1 /* Resources */ = {
			isa = PBXResourcesBuildPhase;
			buildActionMask = 2147483647;
			files = (
				8C92C6D922274D4D00059AD1 /* LaunchScreen.storyboard in Resources */,
				8C92C6D622274D4D00059AD1 /* Assets.xcassets in Resources */,
				8C92C6D422274D4700059AD1 /* Main.storyboard in Resources */,
			);
			runOnlyForDeploymentPostprocessing = 0;
		};
		8C92C6DD22274D4E00059AD1 /* Resources */ = {
			isa = PBXResourcesBuildPhase;
			buildActionMask = 2147483647;
			files = (
			);
			runOnlyForDeploymentPostprocessing = 0;
		};
		8C92C6E822274D4E00059AD1 /* Resources */ = {
			isa = PBXResourcesBuildPhase;
			buildActionMask = 2147483647;
			files = (
			);
			runOnlyForDeploymentPostprocessing = 0;
		};
/* End PBXResourcesBuildPhase section */

/* Begin PBXSourcesBuildPhase section */
		8C92C6C722274D4600059AD1 /* Sources */ = {
			isa = PBXSourcesBuildPhase;
			buildActionMask = 2147483647;
			files = (
				8C92C6D122274D4700059AD1 /* ViewController.swift in Sources */,
				8C92C6CF22274D4700059AD1 /* AppDelegate.swift in Sources */,
			);
			runOnlyForDeploymentPostprocessing = 0;
		};
		8C92C6DB22274D4E00059AD1 /* Sources */ = {
			isa = PBXSourcesBuildPhase;
			buildActionMask = 2147483647;
			files = (
				8C92C6E422274D4E00059AD1 /* My_First_AppTests.swift in Sources */,
			);
			runOnlyForDeploymentPostprocessing = 0;
		};
		8C92C6E622274D4E00059AD1 /* Sources */ = {
			isa = PBXSourcesBuildPhase;
			buildActionMask = 2147483647;
			files = (
				8C92C6EF22274D4E00059AD1 /* My_First_AppUITests.swift in Sources */,
			);
			runOnlyForDeploymentPostprocessing = 0;
		};
/* End PBXSourcesBuildPhase section */

/* Begin PBXTargetDependency section */
		8C92C6E122274D4E00059AD1 /* PBXTargetDependency */ = {
			isa = PBXTargetDependency;
			target = 8C92C6CA22274D4600059AD1 /* My-First-App */;
			targetProxy = 8C92C6E022274D4E00059AD1 /* PBXContainerItemProxy */;
		};
		8C92C6EC22274D4E00059AD1 /* PBXTargetDependency */ = {
			isa = PBXTargetDependency;
			target = 8C92C6CA22274D4600059AD1 /* My-First-App */;
			targetProxy = 8C92C6EB22274D4E00059AD1 /* PBXContainerItemProxy */;
		};
/* End PBXTargetDependency section */

/* Begin PBXVariantGroup section */
		8C92C6D222274D4700059AD1 /* Main.storyboard */ = {
			isa = PBXVariantGroup;
			children = (
				8C92C6D322274D4700059AD1 /* Base */,
			);
			name = Main.storyboard;
			sourceTree = "<group>";
		};
		8C92C6D722274D4D00059AD1 /* LaunchScreen.storyboard */ = {
			isa = PBXVariantGroup;
			children = (
				8C92C6D822274D4D00059AD1 /* Base */,
			);
			name = LaunchScreen.storyboard;
			sourceTree = "<group>";
		};
/* End PBXVariantGroup section */

/* Begin XCBuildConfiguration section */
		8C92C6F122274D4E00059AD1 /* Debug */ = {
			isa = XCBuildConfiguration;
			buildSettings = {
				ALWAYS_SEARCH_USER_PATHS = NO;
				CLANG_ANALYZER_NONNULL = YES;
				CLANG_ANALYZER_NUMBER_OBJECT_CONVERSION = YES_AGGRESSIVE;
				CLANG_CXX_LANGUAGE_STANDARD = "gnu++14";
				CLANG_CXX_LIBRARY = "libc++";
				CLANG_ENABLE_MODULES = YES;
				CLANG_ENABLE_OBJC_ARC = YES;
				CLANG_ENABLE_OBJC_WEAK = YES;
				CLANG_WARN_BLOCK_CAPTURE_AUTORELEASING = YES;
				CLANG_WARN_BOOL_CONVERSION = YES;
				CLANG_WARN_COMMA = YES;
				CLANG_WARN_CONSTANT_CONVERSION = YES;
				CLANG_WARN_DEPRECATED_OBJC_IMPLEMENTATIONS = YES;
				CLANG_WARN_DIRECT_OBJC_ISA_USAGE = YES_ERROR;
				CLANG_WARN_DOCUMENTATION_COMMENTS = YES;
				CLANG_WARN_EMPTY_BODY = YES;
				CLANG_WARN_ENUM_CONVERSION = YES;
				CLANG_WARN_INFINITE_RECURSION = YES;
				CLANG_WARN_INT_CONVERSION = YES;
				CLANG_WARN_NON_LITERAL_NULL_CONVERSION = YES;
				CLANG_WARN_OBJC_IMPLICIT_RETAIN_SELF = YES;
				CLANG_WARN_OBJC_LITERAL_CONVERSION = YES;
				CLANG_WARN_OBJC_ROOT_CLASS = YES_ERROR;
				CLANG_WARN_RANGE_LOOP_ANALYSIS = YES;
				CLANG_WARN_STRICT_PROTOTYPES = YES;
				CLANG_WARN_SUSPICIOUS_MOVE = YES;
				CLANG_WARN_UNGUARDED_AVAILABILITY = YES_AGGRESSIVE;
				CLANG_WARN_UNREACHABLE_CODE = YES;
				CLANG_WARN__DUPLICATE_METHOD_MATCH = YES;
				CODE_SIGN_IDENTITY = "iPhone Developer";
				COPY_PHASE_STRIP = NO;
				DEBUG_INFORMATION_FORMAT = dwarf;
				ENABLE_STRICT_OBJC_MSGSEND = YES;
				ENABLE_TESTABILITY = YES;
				GCC_C_LANGUAGE_STANDARD = gnu11;
				GCC_DYNAMIC_NO_PIC = NO;
				GCC_NO_COMMON_BLOCKS = YES;
				GCC_OPTIMIZATION_LEVEL = 0;
				GCC_PREPROCESSOR_DEFINITIONS = (
					"DEBUG=1",
					"$(inherited)",
				);
				GCC_WARN_64_TO_32_BIT_CONVERSION = YES;
				GCC_WARN_ABOUT_RETURN_TYPE = YES_ERROR;
				GCC_WARN_UNDECLARED_SELECTOR = YES;
				GCC_WARN_UNINITIALIZED_AUTOS = YES_AGGRESSIVE;
				GCC_WARN_UNUSED_FUNCTION = YES;
				GCC_WARN_UNUSED_VARIABLE = YES;
				IPHONEOS_DEPLOYMENT_TARGET = 12.1;
				MTL_ENABLE_DEBUG_INFO = INCLUDE_SOURCE;
				MTL_FAST_MATH = YES;
				ONLY_ACTIVE_ARCH = YES;
				SDKROOT = iphoneos;
				SWIFT_ACTIVE_COMPILATION_CONDITIONS = DEBUG;
				SWIFT_OPTIMIZATION_LEVEL = "-Onone";
			};
			name = Debug;
		};
		8C92C6F222274D4E00059AD1 /* Release */ = {
			isa = XCBuildConfiguration;
			buildSettings = {
				ALWAYS_SEARCH_USER_PATHS = NO;
				CLANG_ANALYZER_NONNULL = YES;
				CLANG_ANALYZER_NUMBER_OBJECT_CONVERSION = YES_AGGRESSIVE;
				CLANG_CXX_LANGUAGE_STANDARD = "gnu++14";
				CLANG_CXX_LIBRARY = "libc++";
				CLANG_ENABLE_MODULES = YES;
				CLANG_ENABLE_OBJC_ARC = YES;
				CLANG_ENABLE_OBJC_WEAK = YES;
				CLANG_WARN_BLOCK_CAPTURE_AUTORELEASING = YES;
				CLANG_WARN_BOOL_CONVERSION = YES;
				CLANG_WARN_COMMA = YES;
				CLANG_WARN_CONSTANT_CONVERSION = YES;
				CLANG_WARN_DEPRECATED_OBJC_IMPLEMENTATIONS = YES;
				CLANG_WARN_DIRECT_OBJC_ISA_USAGE = YES_ERROR;
				CLANG_WARN_DOCUMENTATION_COMMENTS = YES;
				CLANG_WARN_EMPTY_BODY = YES;
				CLANG_WARN_ENUM_CONVERSION = YES;
				CLANG_WARN_INFINITE_RECURSION = YES;
				CLANG_WARN_INT_CONVERSION = YES;
				CLANG_WARN_NON_LITERAL_NULL_CONVERSION = YES;
				CLANG_WARN_OBJC_IMPLICIT_RETAIN_SELF = YES;
				CLANG_WARN_OBJC_LITERAL_CONVERSION = YES;
				CLANG_WARN_OBJC_ROOT_CLASS = YES_ERROR;
				CLANG_WARN_RANGE_LOOP_ANALYSIS = YES;
				CLANG_WARN_STRICT_PROTOTYPES = YES;
				CLANG_WARN_SUSPICIOUS_MOVE = YES;
				CLANG_WARN_UNGUARDED_AVAILABILITY = YES_AGGRESSIVE;
				CLANG_WARN_UNREACHABLE_CODE = YES;
				CLANG_WARN__DUPLICATE_METHOD_MATCH = YES;
				CODE_SIGN_IDENTITY = "iPhone Developer";
				COPY_PHASE_STRIP = NO;
				DEBUG_INFORMATION_FORMAT = "dwarf-with-dsym";
				ENABLE_NS_ASSERTIONS = NO;
				ENABLE_STRICT_OBJC_MSGSEND = YES;
				GCC_C_LANGUAGE_STANDARD = gnu11;
				GCC_NO_COMMON_BLOCKS = YES;
				GCC_WARN_64_TO_32_BIT_CONVERSION = YES;
				GCC_WARN_ABOUT_RETURN_TYPE = YES_ERROR;
				GCC_WARN_UNDECLARED_SELECTOR = YES;
				GCC_WARN_UNINITIALIZED_AUTOS = YES_AGGRESSIVE;
				GCC_WARN_UNUSED_FUNCTION = YES;
				GCC_WARN_UNUSED_VARIABLE = YES;
				IPHONEOS_DEPLOYMENT_TARGET = 12.1;
				MTL_ENABLE_DEBUG_INFO = NO;
				MTL_FAST_MATH = YES;
				SDKROOT = iphoneos;
				SWIFT_COMPILATION_MODE = wholemodule;
				SWIFT_OPTIMIZATION_LEVEL = "-O";
				VALIDATE_PRODUCT = YES;
			};
			name = Release;
		};
		8C92C6F422274D4E00059AD1 /* Debug */ = {
			isa = XCBuildConfiguration;
			buildSettings = {
				ASSETCATALOG_COMPILER_APPICON_NAME = AppIcon;
				CODE_SIGN_STYLE = Automatic;
				INFOPLIST_FILE = "My-First-App/Info.plist";
				LD_RUNPATH_SEARCH_PATHS = (
					"$(inherited)",
					"@executable_path/Frameworks",
				);
				PRODUCT_BUNDLE_IDENTIFIER = "me.highgfly.My-First-App";
				PRODUCT_NAME = "$(TARGET_NAME)";
				SWIFT_VERSION = 4.2;
				TARGETED_DEVICE_FAMILY = "1,2";
			};
			name = Debug;
		};
		8C92C6F522274D4E00059AD1 /* Release */ = {
			isa = XCBuildConfiguration;
			buildSettings = {
				ASSETCATALOG_COMPILER_APPICON_NAME = AppIcon;
				CODE_SIGN_STYLE = Automatic;
				INFOPLIST_FILE = "My-First-App/Info.plist";
				LD_RUNPATH_SEARCH_PATHS = (
					"$(inherited)",
					"@executable_path/Frameworks",
				);
				PRODUCT_BUNDLE_IDENTIFIER = "me.highgfly.My-First-App";
				PRODUCT_NAME = "$(TARGET_NAME)";
				SWIFT_VERSION = 4.2;
				TARGETED_DEVICE_FAMILY = "1,2";
			};
			name = Release;
		};
		8C92C6F722274D4E00059AD1 /* Debug */ = {
			isa = XCBuildConfiguration;
			buildSettings = {
				ALWAYS_EMBED_SWIFT_STANDARD_LIBRARIES = YES;
				BUNDLE_LOADER = "$(TEST_HOST)";
				CODE_SIGN_STYLE = Automatic;
				INFOPLIST_FILE = "My-First-AppTests/Info.plist";
				LD_RUNPATH_SEARCH_PATHS = (
					"$(inherited)",
					"@executable_path/Frameworks",
					"@loader_path/Frameworks",
				);
				PRODUCT_BUNDLE_IDENTIFIER = "me.highgfly.My-First-AppTests";
				PRODUCT_NAME = "$(TARGET_NAME)";
				SWIFT_VERSION = 4.2;
				TARGETED_DEVICE_FAMILY = "1,2";
				TEST_HOST = "$(BUILT_PRODUCTS_DIR)/My-First-App.app/My-First-App";
			};
			name = Debug;
		};
		8C92C6F822274D4E00059AD1 /* Release */ = {
			isa = XCBuildConfiguration;
			buildSettings = {
				ALWAYS_EMBED_SWIFT_STANDARD_LIBRARIES = YES;
				BUNDLE_LOADER = "$(TEST_HOST)";
				CODE_SIGN_STYLE = Automatic;
				INFOPLIST_FILE = "My-First-AppTests/Info.plist";
				LD_RUNPATH_SEARCH_PATHS = (
					"$(inherited)",
					"@executable_path/Frameworks",
					"@loader_path/Frameworks",
				);
				PRODUCT_BUNDLE_IDENTIFIER = "me.highgfly.My-First-AppTests";
				PRODUCT_NAME = "$(TARGET_NAME)";
				SWIFT_VERSION = 4.2;
				TARGETED_DEVICE_FAMILY = "1,2";
				TEST_HOST = "$(BUILT_PRODUCTS_DIR)/My-First-App.app/My-First-App";
			};
			name = Release;
		};
		8C92C6FA22274D4E00059AD1 /* Debug */ = {
			isa = XCBuildConfiguration;
			buildSettings = {
				ALWAYS_EMBED_SWIFT_STANDARD_LIBRARIES = YES;
				CODE_SIGN_STYLE = Automatic;
				INFOPLIST_FILE = "My-First-AppUITests/Info.plist";
				LD_RUNPATH_SEARCH_PATHS = (
					"$(inherited)",
					"@executable_path/Frameworks",
					"@loader_path/Frameworks",
				);
				PRODUCT_BUNDLE_IDENTIFIER = "me.highgfly.My-First-AppUITests";
				PRODUCT_NAME = "$(TARGET_NAME)";
				SWIFT_VERSION = 4.2;
				TARGETED_DEVICE_FAMILY = "1,2";
				TEST_TARGET_NAME = "My-First-App";
			};
			name = Debug;
		};
		8C92C6FB22274D4E00059AD1 /* Release */ = {
			isa = XCBuildConfiguration;
			buildSettings = {
				ALWAYS_EMBED_SWIFT_STANDARD_LIBRARIES = YES;
				CODE_SIGN_STYLE = Automatic;
				INFOPLIST_FILE = "My-First-AppUITests/Info.plist";
				LD_RUNPATH_SEARCH_PATHS = (
					"$(inherited)",
					"@executable_path/Frameworks",
					"@loader_path/Frameworks",
				);
				PRODUCT_BUNDLE_IDENTIFIER = "me.highgfly.My-First-AppUITests";
				PRODUCT_NAME = "$(TARGET_NAME)";
				SWIFT_VERSION = 4.2;
				TARGETED_DEVICE_FAMILY = "1,2";
				TEST_TARGET_NAME = "My-First-App";
			};
			name = Release;
		};
/* End XCBuildConfiguration section */

/* Begin XCConfigurationList section */
		8C92C6C622274D4600059AD1 /* Build configuration list for PBXProject "My-First-App" */ = {
			isa = XCConfigurationList;
			buildConfigurations = (
				8C92C6F122274D4E00059AD1 /* Debug */,
				8C92C6F222274D4E00059AD1 /* Release */,
			);
			defaultConfigurationIsVisible = 0;
			defaultConfigurationName = Release;
		};
		8C92C6F322274D4E00059AD1 /* Build configuration list for PBXNativeTarget "My-First-App" */ = {
			isa = XCConfigurationList;
			buildConfigurations = (
				8C92C6F422274D4E00059AD1 /* Debug */,
				8C92C6F522274D4E00059AD1 /* Release */,
			);
			defaultConfigurationIsVisible = 0;
			defaultConfigurationName = Release;
		};
		8C92C6F622274D4E00059AD1 /* Build configuration list for PBXNativeTarget "My-First-AppTests" */ = {
			isa = XCConfigurationList;
			buildConfigurations = (
				8C92C6F722274D4E00059AD1 /* Debug */,
				8C92C6F822274D4E00059AD1 /* Release */,
			);
			defaultConfigurationIsVisible = 0;
			defaultConfigurationName = Release;
		};
		8C92C6F922274D4E00059AD1 /* Build configuration list for PBXNativeTarget "My-First-AppUITests" */ = {
			isa = XCConfigurationList;
			buildConfigurations = (
				8C92C6FA22274D4E00059AD1 /* Debug */,
				8C92C6FB22274D4E00059AD1 /* Release */,
			);
			defaultConfigurationIsVisible = 0;
			defaultConfigurationName = Release;
		};
/* End XCConfigurationList section */
	};
	rootObject = 8C92C6C322274D4600059AD1 /* Project object */;
}
